
Microsoft Visual Studio Solution File, Format Version 12.00
# Visual Studio 2013
VisualStudioVersion = 12.0.40629.0
MinimumVisualStudioVersion = 10.0.40219.1
Project("{FAE04EC0-301F-11D3-BF4B-00C04F79EFBC}") = "SPHostedMVVM-ModelProject", "SPHostedMVVM-ModelProject\SPHostedMVVM-ModelProject.csproj", "{97852871-0E02-48A5-8EB0-F540355AE445}"
EndProject
Global
	GlobalSection(SolutionConfigurationPlatforms) = preSolution
		Debug|Any CPU = Debug|Any CPU
		Release|Any CPU = Release|Any CPU
	EndGlobalSection
	GlobalSection(ProjectConfigurationPlatforms) = postSolution
		{97852871-0E02-48A5-8EB0-F540355AE445}.Debug|Any CPU.ActiveCfg = Debug|Any CPU
		{97852871-0E02-48A5-8EB0-F540355AE445}.Debug|Any CPU.Build.0 = Debug|Any CPU
		{97852871-0E02-48A5-8EB0-F540355AE445}.Debug|Any CPU.Deploy.0 = Debug|Any CPU
		{97852871-0E02-48A5-8EB0-F540355AE445}.Release|Any CPU.ActiveCfg = Release|Any CPU
		{97852871-0E02-48A5-8EB0-F540355AE445}.Release|Any CPU.Build.0 = Release|Any CPU
		{97852871-0E02-48A5-8EB0-F540355AE445}.Release|Any CPU.Deploy.0 = Release|Any CPU
	EndGlobalSection
	GlobalSection(SolutionProperties) = preSolution
		HideSolutionNode = FALSE
	EndGlobalSection
EndGlobal
